{
  "name": "coll",
  "version": "1.0.0",
  "lockfileVersion": 1,
  "requires": true,
  "dependencies": {
    "cool-images": {
      "version": "1.0.3",
      "resolved": "https://registry.npmjs.org/cool-images/-/cool-images-1.0.3.tgz",
      "integrity": "sha512-wjHvTcX/boIoGOrO4b12G3zie0v9TBm/Ljg2WmLPbnmOGhYjLkKd2FQaVkzzAhl6KqJkOHspfIcgoE7uk5djhQ=="
    },
    "moment": {
      "version": "2.29.4",
      "resolved": "https://registry.npmjs.org/moment/-/moment-2.29.4.tgz",
      "integrity": "sha512-5LC9SOxjSc2HF6vO2CyuTDNivEdoz2IvyJJGj6X8DJ0eFyfszE0QiEd+iXmBvUP3WHxSjFH/vIsA0EN00cgr8w=="
    }
  }
}
